
Microsoft Visual Studio Solution File, Format Version 12.00
# Visual Studio Version 16
VisualStudioVersion = 16.0.29613.14
MinimumVisualStudioVersion = 10.0.40219.1
Project("{FAE04EC0-301F-11D3-BF4B-00C04F79EFBC}") = "UnitTestProject1", "UnitTestProject1.csproj", "{0DF865EC-C974-4D92-96CF-539AD9DA5A63}"
EndProject
Project("{FAE04EC0-301F-11D3-BF4B-00C04F79EFBC}") = "ConsoleApp1", "..\ConsoleApp1\ConsoleApp1.csproj", "{F898905E-A86D-42E4-AF3D-568BE24108F5}"
EndProject
Global
	GlobalSection(SolutionConfigurationPlatforms) = preSolution
		Debug|Any CPU = Debug|Any CPU
		Release|Any CPU = Release|Any CPU
	EndGlobalSection
	GlobalSection(ProjectConfigurationPlatforms) = postSolution
		{0DF865EC-C974-4D92-96CF-539AD9DA5A63}.Debug|Any CPU.ActiveCfg = Debug|Any CPU
		{0DF865EC-C974-4D92-96CF-539AD9DA5A63}.Debug|Any CPU.Build.0 = Debug|Any CPU
		{0DF865EC-C974-4D92-96CF-539AD9DA5A63}.Release|Any CPU.ActiveCfg = Release|Any CPU
		{0DF865EC-C974-4D92-96CF-539AD9DA5A63}.Release|Any CPU.Build.0 = Release|Any CPU
		{F898905E-A86D-42E4-AF3D-568BE24108F5}.Debug|Any CPU.ActiveCfg = Debug|Any CPU
		{F898905E-A86D-42E4-AF3D-568BE24108F5}.Debug|Any CPU.Build.0 = Debug|Any CPU
		{F898905E-A86D-42E4-AF3D-568BE24108F5}.Release|Any CPU.ActiveCfg = Release|Any CPU
		{F898905E-A86D-42E4-AF3D-568BE24108F5}.Release|Any CPU.Build.0 = Release|Any CPU
	EndGlobalSection
	GlobalSection(SolutionProperties) = preSolution
		HideSolutionNode = FALSE
	EndGlobalSection
	GlobalSection(ExtensibilityGlobals) = postSolution
		SolutionGuid = {3246A87D-700B-4971-8272-8A92DBE68967}
	EndGlobalSection
EndGlobal
